// !$*UTF8*$!
{
	archiveVersion = 1;
	classes = {
	};
	objectVersion = 51;
	objects = {

/* Begin PBXBuildFile section */
		1804EB1A278D4B8C00CFDC8E /* AppDelegate.swift in Sources */ = {isa = PBXBuildFile; fileRef = 1804EB19278D4B8C00CFDC8E /* AppDelegate.swift */; };
		1804EB1C278D4B8C00CFDC8E /* SceneDelegate.swift in Sources */ = {isa = PBXBuildFile; fileRef = 1804EB1B278D4B8C00CFDC8E /* SceneDelegate.swift */; };
		1804EB1E278D4B8C00CFDC8E /* ViewController.swift in Sources */ = {isa = PBXBuildFile; fileRef = 1804EB1D278D4B8C00CFDC8E /* ViewController.swift */; };
		1804EB21278D4B8C00CFDC8E /* Main.storyboard in Resources */ = {isa = PBXBuildFile; fileRef = 1804EB1F278D4B8C00CFDC8E /* Main.storyboard */; };
		1804EB23278D4B8D00CFDC8E /* Assets.xcassets in Resources */ = {isa = PBXBuildFile; fileRef = 1804EB22278D4B8D00CFDC8E /* Assets.xcassets */; };
		1804EB26278D4B8D00CFDC8E /* LaunchScreen.storyboard in Resources */ = {isa = PBXBuildFile; fileRef = 1804EB24278D4B8D00CFDC8E /* LaunchScreen.storyboard */; };
		1804EB35278D58E400CFDC8E /* Menu1ViewController.swift in Sources */ = {isa = PBXBuildFile; fileRef = 1804EB34278D58E400CFDC8E /* Menu1ViewController.swift */; };
		1804EB38278D5ED900CFDC8E /* MyTableViewCell.swift in Sources */ = {isa = PBXBuildFile; fileRef = 1804EB37278D5ED900CFDC8E /* MyTableViewCell.swift */; };
		1804EB3B278D69BA00CFDC8E /* Menu2ViewController.swift in Sources */ = {isa = PBXBuildFile; fileRef = 1804EB3A278D69BA00CFDC8E /* Menu2ViewController.swift */; };
		1804EB3E278D69C600CFDC8E /* Menu3ViewController.swift in Sources */ = {isa = PBXBuildFile; fileRef = 1804EB3D278D69C600CFDC8E /* Menu3ViewController.swift */; };
		1804EB41278D69D100CFDC8E /* Menu4ViewController.swift in Sources */ = {isa = PBXBuildFile; fileRef = 1804EB40278D69D100CFDC8E /* Menu4ViewController.swift */; };
		1804EB44278D6A1900CFDC8E /* Menu5ViewController.swift in Sources */ = {isa = PBXBuildFile; fileRef = 1804EB43278D6A1900CFDC8E /* Menu5ViewController.swift */; };
		8544B8E0F10F032F37A906F7 /* Pods_Cafe_App.framework in Frameworks */ = {isa = PBXBuildFile; fileRef = 93DC5DFA2777628645E85DEF /* Pods_Cafe_App.framework */; };
/* End PBXBuildFile section */

/* Begin PBXFileReference section */
		1804EB16278D4B8C00CFDC8E /* Cafe_App.app */ = {isa = PBXFileReference; explicitFileType = wrapper.application; includeInIndex = 0; path = Cafe_App.app; sourceTree = BUILT_PRODUCTS_DIR; };
		1804EB19278D4B8C00CFDC8E /* AppDelegate.swift */ = {isa = PBXFileReference; lastKnownFileType = sourcecode.swift; path = AppDelegate.swift; sourceTree = "<group>"; };
		1804EB1B278D4B8C00CFDC8E /* SceneDelegate.swift */ = {isa = PBXFileReference; lastKnownFileType = sourcecode.swift; path = SceneDelegate.swift; sourceTree = "<group>"; };
		1804EB1D278D4B8C00CFDC8E /* ViewController.swift */ = {isa = PBXFileReference; lastKnownFileType = sourcecode.swift; path = ViewController.swift; sourceTree = "<group>"; };
		1804EB20278D4B8C00CFDC8E /* Base */ = {isa = PBXFileReference; lastKnownFileType = file.storyboard; name = Base; path = Base.lproj/Main.storyboard; sourceTree = "<group>"; };
		1804EB22278D4B8D00CFDC8E /* Assets.xcassets */ = {isa = PBXFileReference; lastKnownFileType = folder.assetcatalog; path = Assets.xcassets; sourceTree = "<group>"; };
		1804EB25278D4B8D00CFDC8E /* Base */ = {isa = PBXFileReference; lastKnownFileType = file.storyboard; name = Base; path = Base.lproj/LaunchScreen.storyboard; sourceTree = "<group>"; };
		1804EB27278D4B8D00CFDC8E /* Info.plist */ = {isa = PBXFileReference; lastKnownFileType = text.plist.xml; path = Info.plist; sourceTree = "<group>"; };
		1804EB34278D58E400CFDC8E /* Menu1ViewController.swift */ = {isa = PBXFileReference; lastKnownFileType = sourcecode.swift; path = Menu1ViewController.swift; sourceTree = "<group>"; };
		1804EB37278D5ED900CFDC8E /* MyTableViewCell.swift */ = {isa = PBXFileReference; lastKnownFileType = sourcecode.swift; path = MyTableViewCell.swift; sourceTree = "<group>"; };
		1804EB3A278D69BA00CFDC8E /* Menu2ViewController.swift */ = {isa = PBXFileReference; lastKnownFileType = sourcecode.swift; path = Menu2ViewController.swift; sourceTree = "<group>"; };
		1804EB3D278D69C600CFDC8E /* Menu3ViewController.swift */ = {isa = PBXFileReference; lastKnownFileType = sourcecode.swift; path = Menu3ViewController.swift; sourceTree = "<group>"; };
		1804EB40278D69D100CFDC8E /* Menu4ViewController.swift */ = {isa = PBXFileReference; lastKnownFileType = sourcecode.swift; path = Menu4ViewController.swift; sourceTree = "<group>"; };
		1804EB43278D6A1900CFDC8E /* Menu5ViewController.swift */ = {isa = PBXFileReference; lastKnownFileType = sourcecode.swift; path = Menu5ViewController.swift; sourceTree = "<group>"; };
		37BFBE85B105749EF3C896A3 /* Pods-Cafe_App.debug.xcconfig */ = {isa = PBXFileReference; includeInIndex = 1; lastKnownFileType = text.xcconfig; name = "Pods-Cafe_App.debug.xcconfig"; path = "Target Support Files/Pods-Cafe_App/Pods-Cafe_App.debug.xcconfig"; sourceTree = "<group>"; };
		6145F1FB7CCCBA0552743E78 /* Pods-Cafe_App.release.xcconfig */ = {isa = PBXFileReference; includeInIndex = 1; lastKnownFileType = text.xcconfig; name = "Pods-Cafe_App.release.xcconfig"; path = "Target Support Files/Pods-Cafe_App/Pods-Cafe_App.release.xcconfig"; sourceTree = "<group>"; };
		93DC5DFA2777628645E85DEF /* Pods_Cafe_App.framework */ = {isa = PBXFileReference; explicitFileType = wrapper.framework; includeInIndex = 0; path = Pods_Cafe_App.framework; sourceTree = BUILT_PRODUCTS_DIR; };
/* End PBXFileReference section */

/* Begin PBXFrameworksBuildPhase section */
		1804EB13278D4B8C00CFDC8E /* Frameworks */ = {
			isa = PBXFrameworksBuildPhase;
			buildActionMask = 2147483647;
			files = (
				8544B8E0F10F032F37A906F7 /* Pods_Cafe_App.framework in Frameworks */,
			);
			runOnlyForDeploymentPostprocessing = 0;
		};
/* End PBXFrameworksBuildPhase section */

/* Begin PBXGroup section */
		1804EB0D278D4B8C00CFDC8E = {
			isa = PBXGroup;
			children = (
				1804EB18278D4B8C00CFDC8E /* Cafe_App */,
				1804EB17278D4B8C00CFDC8E /* Products */,
				9B3FA1E8641AD8AD55A0574C /* Pods */,
				54668FE2118D2E3BA42D07BB /* Frameworks */,
			);
			sourceTree = "<group>";
		};
		1804EB17278D4B8C00CFDC8E /* Products */ = {
			isa = PBXGroup;
			children = (
				1804EB16278D4B8C00CFDC8E /* Cafe_App.app */,
			);
			name = Products;
			sourceTree = "<group>";
		};
		1804EB18278D4B8C00CFDC8E /* Cafe_App */ = {
			isa = PBXGroup;
			children = (
				1804EB19278D4B8C00CFDC8E /* AppDelegate.swift */,
				1804EB1B278D4B8C00CFDC8E /* SceneDelegate.swift */,
				1804EB1F278D4B8C00CFDC8E /* Main.storyboard */,
				1804EB1D278D4B8C00CFDC8E /* ViewController.swift */,
				1804EB34278D58E400CFDC8E /* Menu1ViewController.swift */,
				1804EB3A278D69BA00CFDC8E /* Menu2ViewController.swift */,
				1804EB3D278D69C600CFDC8E /* Menu3ViewController.swift */,
				1804EB40278D69D100CFDC8E /* Menu4ViewController.swift */,
				1804EB43278D6A1900CFDC8E /* Menu5ViewController.swift */,
				1804EB37278D5ED900CFDC8E /* MyTableViewCell.swift */,
				1804EB22278D4B8D00CFDC8E /* Assets.xcassets */,
				1804EB24278D4B8D00CFDC8E /* LaunchScreen.storyboard */,
				1804EB27278D4B8D00CFDC8E /* Info.plist */,
			);
			path = Cafe_App;
			sourceTree = "<group>";
		};
		54668FE2118D2E3BA42D07BB /* Frameworks */ = {
			isa = PBXGroup;
			children = (
				93DC5DFA2777628645E85DEF /* Pods_Cafe_App.framework */,
			);
			name = Frameworks;
			sourceTree = "<group>";
		};
		9B3FA1E8641AD8AD55A0574C /* Pods */ = {
			isa = PBXGroup;
			children = (
				37BFBE85B105749EF3C896A3 /* Pods-Cafe_App.debug.xcconfig */,
				6145F1FB7CCCBA0552743E78 /* Pods-Cafe_App.release.xcconfig */,
			);
			path = Pods;
			sourceTree = "<group>";
		};
/* End PBXGroup section */

/* Begin PBXNativeTarget section */
		1804EB15278D4B8C00CFDC8E /* Cafe_App */ = {
			isa = PBXNativeTarget;
			buildConfigurationList = 1804EB2A278D4B8D00CFDC8E /* Build configuration list for PBXNativeTarget "Cafe_App" */;
			buildPhases = (
				4DB366F0B1E0EB1A80321F1E /* [CP] Check Pods Manifest.lock */,
				1804EB12278D4B8C00CFDC8E /* Sources */,
				1804EB13278D4B8C00CFDC8E /* Frameworks */,
				1804EB14278D4B8C00CFDC8E /* Resources */,
				CF8FCB01CA7FA192832EB68D /* [CP] Embed Pods Frameworks */,
			);
			buildRules = (
			);
			dependencies = (
			);
			name = Cafe_App;
			productName = Cafe_App;
			productReference = 1804EB16278D4B8C00CFDC8E /* Cafe_App.app */;
			productType = "com.apple.product-type.application";
		};
/* End PBXNativeTarget section */

/* Begin PBXProject section */
		1804EB0E278D4B8C00CFDC8E /* Project object */ = {
			isa = PBXProject;
			attributes = {
				LastSwiftUpdateCheck = 1240;
				LastUpgradeCheck = 1240;
				TargetAttributes = {
					1804EB15278D4B8C00CFDC8E = {
						CreatedOnToolsVersion = 12.4;
					};
				};
			};
			buildConfigurationList = 1804EB11278D4B8C00CFDC8E /* Build configuration list for PBXProject "Cafe_App" */;
			compatibilityVersion = "Xcode 9.3";
			developmentRegion = en;
			hasScannedForEncodings = 0;
			knownRegions = (
				en,
				Base,
			);
			mainGroup = 1804EB0D278D4B8C00CFDC8E;
			productRefGroup = 1804EB17278D4B8C00CFDC8E /* Products */;
			projectDirPath = "";
			projectRoot = "";
			targets = (
				1804EB15278D4B8C00CFDC8E /* Cafe_App */,
			);
		};
/* End PBXProject section */

/* Begin PBXResourcesBuildPhase section */
		1804EB14278D4B8C00CFDC8E /* Resources */ = {
			isa = PBXResourcesBuildPhase;
			buildActionMask = 2147483647;
			files = (
				1804EB26278D4B8D00CFDC8E /* LaunchScreen.storyboard in Resources */,
				1804EB23278D4B8D00CFDC8E /* Assets.xcassets in Resources */,
				1804EB21278D4B8C00CFDC8E /* Main.storyboard in Resources */,
			);
			runOnlyForDeploymentPostprocessing = 0;
		};
/* End PBXResourcesBuildPhase section */

/* Begin PBXShellScriptBuildPhase section */
		4DB366F0B1E0EB1A80321F1E /* [CP] Check Pods Manifest.lock */ = {
			isa = PBXShellScriptBuildPhase;
			buildActionMask = 2147483647;
			files = (
			);
			inputFileListPaths = (
			);
			inputPaths = (
				"${PODS_PODFILE_DIR_PATH}/Podfile.lock",
				"${PODS_ROOT}/Manifest.lock",
			);
			name = "[CP] Check Pods Manifest.lock";
			outputFileListPaths = (
			);
			outputPaths = (
				"$(DERIVED_FILE_DIR)/Pods-Cafe_App-checkManifestLockResult.txt",
			);
			runOnlyForDeploymentPostprocessing = 0;
			shellPath = /bin/sh;
			shellScript = "diff \"${PODS_PODFILE_DIR_PATH}/Podfile.lock\" \"${PODS_ROOT}/Manifest.lock\" > /dev/null\nif [ $? != 0 ] ; then\n    # print error to STDERR\n    echo \"error: The sandbox is not in sync with the Podfile.lock. Run 'pod install' or update your CocoaPods installation.\" >&2\n    exit 1\nfi\n# This output is used by Xcode 'outputs' to avoid re-running this script phase.\necho \"SUCCESS\" > \"${SCRIPT_OUTPUT_FILE_0}\"\n";
			showEnvVarsInLog = 0;
		};
		CF8FCB01CA7FA192832EB68D /* [CP] Embed Pods Frameworks */ = {
			isa = PBXShellScriptBuildPhase;
			buildActionMask = 2147483647;
			files = (
			);
			inputFileListPaths = (
				"${PODS_ROOT}/Target Support Files/Pods-Cafe_App/Pods-Cafe_App-frameworks-${CONFIGURATION}-input-files.xcfilelist",
			);
			name = "[CP] Embed Pods Frameworks";
			outputFileListPaths = (
				"${PODS_ROOT}/Target Support Files/Pods-Cafe_App/Pods-Cafe_App-frameworks-${CONFIGURATION}-output-files.xcfilelist",
			);
			runOnlyForDeploymentPostprocessing = 0;
			shellPath = /bin/sh;
			shellScript = "\"${PODS_ROOT}/Target Support Files/Pods-Cafe_App/Pods-Cafe_App-frameworks.sh\"\n";
			showEnvVarsInLog = 0;
		};
/* End PBXShellScriptBuildPhase section */

/* Begin PBXSourcesBuildPhase section */
		1804EB12278D4B8C00CFDC8E /* Sources */ = {
			isa = PBXSourcesBuildPhase;
			buildActionMask = 2147483647;
			files = (
				1804EB1E278D4B8C00CFDC8E /* ViewController.swift in Sources */,
				1804EB35278D58E400CFDC8E /* Menu1ViewController.swift in Sources */,
				1804EB3B278D69BA00CFDC8E /* Menu2ViewController.swift in Sources */,
				1804EB3E278D69C600CFDC8E /* Menu3ViewController.swift in Sources */,
				1804EB44278D6A1900CFDC8E /* Menu5ViewController.swift in Sources */,
				1804EB41278D69D100CFDC8E /* Menu4ViewController.swift in Sources */,
				1804EB1A278D4B8C00CFDC8E /* AppDelegate.swift in Sources */,
				1804EB38278D5ED900CFDC8E /* MyTableViewCell.swift in Sources */,
				1804EB1C278D4B8C00CFDC8E /* SceneDelegate.swift in Sources */,
			);
			runOnlyForDeploymentPostprocessing = 0;
		};
/* End PBXSourcesBuildPhase section */

/* Begin PBXVariantGroup section */
		1804EB1F278D4B8C00CFDC8E /* Main.storyboard */ = {
			isa = PBXVariantGroup;
			children = (
				1804EB20278D4B8C00CFDC8E /* Base */,
			);
			name = Main.storyboard;
			sourceTree = "<group>";
		};
		1804EB24278D4B8D00CFDC8E /* LaunchScreen.storyboard */ = {
			isa = PBXVariantGroup;
			children = (
				1804EB25278D4B8D00CFDC8E /* Base */,
			);
			name = LaunchScreen.storyboard;
			sourceTree = "<group>";
		};
/* End PBXVariantGroup section */

/* Begin XCBuildConfiguration section */
		1804EB28278D4B8D00CFDC8E /* Debug */ = {
			isa = XCBuildConfiguration;
			buildSettings = {
				ALWAYS_SEARCH_USER_PATHS = NO;
				CLANG_ANALYZER_NONNULL = YES;
				CLANG_ANALYZER_NUMBER_OBJECT_CONVERSION = YES_AGGRESSIVE;
				CLANG_CXX_LANGUAGE_STANDARD = "gnu++14";
				CLANG_CXX_LIBRARY = "libc++";
				CLANG_ENABLE_MODULES = YES;
				CLANG_ENABLE_OBJC_ARC = YES;
				CLANG_ENABLE_OBJC_WEAK = YES;
				CLANG_WARN_BLOCK_CAPTURE_AUTORELEASING = YES;
				CLANG_WARN_BOOL_CONVERSION = YES;
				CLANG_WARN_COMMA = YES;
				CLANG_WARN_CONSTANT_CONVERSION = YES;
				CLANG_WARN_DEPRECATED_OBJC_IMPLEMENTATIONS = YES;
				CLANG_WARN_DIRECT_OBJC_ISA_USAGE = YES_ERROR;
				CLANG_WARN_DOCUMENTATION_COMMENTS = YES;
				CLANG_WARN_EMPTY_BODY = YES;
				CLANG_WARN_ENUM_CONVERSION = YES;
				CLANG_WARN_INFINITE_RECURSION = YES;
				CLANG_WARN_INT_CONVERSION = YES;
				CLANG_WARN_NON_LITERAL_NULL_CONVERSION = YES;
				CLANG_WARN_OBJC_IMPLICIT_RETAIN_SELF = YES;
				CLANG_WARN_OBJC_LITERAL_CONVERSION = YES;
				CLANG_WARN_OBJC_ROOT_CLASS = YES_ERROR;
				CLANG_WARN_QUOTED_INCLUDE_IN_FRAMEWORK_HEADER = YES;
				CLANG_WARN_RANGE_LOOP_ANALYSIS = YES;
				CLANG_WARN_STRICT_PROTOTYPES = YES;
				CLANG_WARN_SUSPICIOUS_MOVE = YES;
				CLANG_WARN_UNGUARDED_AVAILABILITY = YES_AGGRESSIVE;
				CLANG_WARN_UNREACHABLE_CODE = YES;
				CLANG_WARN__DUPLICATE_METHOD_MATCH = YES;
				COPY_PHASE_STRIP = NO;
				DEBUG_INFORMATION_FORMAT = dwarf;
				ENABLE_STRICT_OBJC_MSGSEND = YES;
				ENABLE_TESTABILITY = YES;
				GCC_C_LANGUAGE_STANDARD = gnu11;
				GCC_DYNAMIC_NO_PIC = NO;
				GCC_NO_COMMON_BLOCKS = YES;
				GCC_OPTIMIZATION_LEVEL = 0;
				GCC_PREPROCESSOR_DEFINITIONS = (
					"DEBUG=1",
					"$(inherited)",
				);
				GCC_WARN_64_TO_32_BIT_CONVERSION = YES;
				GCC_WARN_ABOUT_RETURN_TYPE = YES_ERROR;
				GCC_WARN_UNDECLARED_SELECTOR = YES;
				GCC_WARN_UNINITIALIZED_AUTOS = YES_AGGRESSIVE;
				GCC_WARN_UNUSED_FUNCTION = YES;
				GCC_WARN_UNUSED_VARIABLE = YES;
				IPHONEOS_DEPLOYMENT_TARGET = 14.4;
				MTL_ENABLE_DEBUG_INFO = INCLUDE_SOURCE;
				MTL_FAST_MATH = YES;
				ONLY_ACTIVE_ARCH = YES;
				SDKROOT = iphoneos;
				SWIFT_ACTIVE_COMPILATION_CONDITIONS = DEBUG;
				SWIFT_OPTIMIZATION_LEVEL = "-Onone";
			};
			name = Debug;
		};
		1804EB29278D4B8D00CFDC8E /* Release */ = {
			isa = XCBuildConfiguration;
			buildSettings = {
				ALWAYS_SEARCH_USER_PATHS = NO;
				CLANG_ANALYZER_NONNULL = YES;
				CLANG_ANALYZER_NUMBER_OBJECT_CONVERSION = YES_AGGRESSIVE;
				CLANG_CXX_LANGUAGE_STANDARD = "gnu++14";
				CLANG_CXX_LIBRARY = "libc++";
				CLANG_ENABLE_MODULES = YES;
				CLANG_ENABLE_OBJC_ARC = YES;
				CLANG_ENABLE_OBJC_WEAK = YES;
				CLANG_WARN_BLOCK_CAPTURE_AUTORELEASING = YES;
				CLANG_WARN_BOOL_CONVERSION = YES;
				CLANG_WARN_COMMA = YES;
				CLANG_WARN_CONSTANT_CONVERSION = YES;
				CLANG_WARN_DEPRECATED_OBJC_IMPLEMENTATIONS = YES;
				CLANG_WARN_DIRECT_OBJC_ISA_USAGE = YES_ERROR;
				CLANG_WARN_DOCUMENTATION_COMMENTS = YES;
				CLANG_WARN_EMPTY_BODY = YES;
				CLANG_WARN_ENUM_CONVERSION = YES;
				CLANG_WARN_INFINITE_RECURSION = YES;
				CLANG_WARN_INT_CONVERSION = YES;
				CLANG_WARN_NON_LITERAL_NULL_CONVERSION = YES;
				CLANG_WARN_OBJC_IMPLICIT_RETAIN_SELF = YES;
				CLANG_WARN_OBJC_LITERAL_CONVERSION = YES;
				CLANG_WARN_OBJC_ROOT_CLASS = YES_ERROR;
				CLANG_WARN_QUOTED_INCLUDE_IN_FRAMEWORK_HEADER = YES;
				CLANG_WARN_RANGE_LOOP_ANALYSIS = YES;
				CLANG_WARN_STRICT_PROTOTYPES = YES;
				CLANG_WARN_SUSPICIOUS_MOVE = YES;
				CLANG_WARN_UNGUARDED_AVAILABILITY = YES_AGGRESSIVE;
				CLANG_WARN_UNREACHABLE_CODE = YES;
				CLANG_WARN__DUPLICATE_METHOD_MATCH = YES;
				COPY_PHASE_STRIP = NO;
				DEBUG_INFORMATION_FORMAT = "dwarf-with-dsym";
				ENABLE_NS_ASSERTIONS = NO;
				ENABLE_STRICT_OBJC_MSGSEND = YES;
				GCC_C_LANGUAGE_STANDARD = gnu11;
				GCC_NO_COMMON_BLOCKS = YES;
				GCC_WARN_64_TO_32_BIT_CONVERSION = YES;
				GCC_WARN_ABOUT_RETURN_TYPE = YES_ERROR;
				GCC_WARN_UNDECLARED_SELECTOR = YES;
				GCC_WARN_UNINITIALIZED_AUTOS = YES_AGGRESSIVE;
				GCC_WARN_UNUSED_FUNCTION = YES;
				GCC_WARN_UNUSED_VARIABLE = YES;
				IPHONEOS_DEPLOYMENT_TARGET = 14.4;
				MTL_ENABLE_DEBUG_INFO = NO;
				MTL_FAST_MATH = YES;
				SDKROOT = iphoneos;
				SWIFT_COMPILATION_MODE = wholemodule;
				SWIFT_OPTIMIZATION_LEVEL = "-O";
				VALIDATE_PRODUCT = YES;
			};
			name = Release;
		};
		1804EB2B278D4B8D00CFDC8E /* Debug */ = {
			isa = XCBuildConfiguration;
			baseConfigurationReference = 37BFBE85B105749EF3C896A3 /* Pods-Cafe_App.debug.xcconfig */;
			buildSettings = {
				ASSETCATALOG_COMPILER_APPICON_NAME = AppIcon;
				ASSETCATALOG_COMPILER_GLOBAL_ACCENT_COLOR_NAME = AccentColor;
				CODE_SIGN_STYLE = Automatic;
				DEVELOPMENT_TEAM = M7KCA787CC;
				INFOPLIST_FILE = Cafe_App/Info.plist;
				LD_RUNPATH_SEARCH_PATHS = (
					"$(inherited)",
					"@executable_path/Frameworks",
				);
				PRODUCT_BUNDLE_IDENTIFIER = "YGDev.Cafe-App";
				PRODUCT_NAME = "$(TARGET_NAME)";
				SWIFT_VERSION = 5.0;
				TARGETED_DEVICE_FAMILY = "1,2";
			};
			name = Debug;
		};
		1804EB2C278D4B8D00CFDC8E /* Release */ = {
			isa = XCBuildConfiguration;
			baseConfigurationReference = 6145F1FB7CCCBA0552743E78 /* Pods-Cafe_App.release.xcconfig */;
			buildSettings = {
				ASSETCATALOG_COMPILER_APPICON_NAME = AppIcon;
				ASSETCATALOG_COMPILER_GLOBAL_ACCENT_COLOR_NAME = AccentColor;
				CODE_SIGN_STYLE = Automatic;
				DEVELOPMENT_TEAM = M7KCA787CC;
				INFOPLIST_FILE = Cafe_App/Info.plist;
				LD_RUNPATH_SEARCH_PATHS = (
					"$(inherited)",
					"@executable_path/Frameworks",
				);
				PRODUCT_BUNDLE_IDENTIFIER = "YGDev.Cafe-App";
				PRODUCT_NAME = "$(TARGET_NAME)";
				SWIFT_VERSION = 5.0;
				TARGETED_DEVICE_FAMILY = "1,2";
			};
			name = Release;
		};
/* End XCBuildConfiguration section */

/* Begin XCConfigurationList section */
		1804EB11278D4B8C00CFDC8E /* Build configuration list for PBXProject "Cafe_App" */ = {
			isa = XCConfigurationList;
			buildConfigurations = (
				1804EB28278D4B8D00CFDC8E /* Debug */,
				1804EB29278D4B8D00CFDC8E /* Release */,
			);
			defaultConfigurationIsVisible = 0;
			defaultConfigurationName = Release;
		};
		1804EB2A278D4B8D00CFDC8E /* Build configuration list for PBXNativeTarget "Cafe_App" */ = {
			isa = XCConfigurationList;
			buildConfigurations = (
				1804EB2B278D4B8D00CFDC8E /* Debug */,
				1804EB2C278D4B8D00CFDC8E /* Release */,
			);
			defaultConfigurationIsVisible = 0;
			defaultConfigurationName = Release;
		};
/* End XCConfigurationList section */
	};
	rootObject = 1804EB0E278D4B8C00CFDC8E /* Project object */;
}
